// !$*UTF8*$!
{
	archiveVersion = 1;
	classes = {
	};
	objectVersion = 56;
	objects = {

/* Begin PBXBuildFile section */
		F68C39FA2E2AF21800EEF930 /* CustomButtonView.swift in Sources */ = {isa = PBXBuildFile; fileRef = F68C39F92E2AF21800EEF930 /* CustomButtonView.swift */; };
		F6BA6CF52E28552F00CD3E26 /* NoteVault_SwiftData_vs_CoreDataApp.swift in Sources */ = {isa = PBXBuildFile; fileRef = F6BA6CF42E28552F00CD3E26 /* NoteVault_SwiftData_vs_CoreDataApp.swift */; };
		F6BA6CF72E28552F00CD3E26 /* ContentView.swift in Sources */ = {isa = PBXBuildFile; fileRef = F6BA6CF62E28552F00CD3E26 /* ContentView.swift */; };
		F6BA6CF92E28553100CD3E26 /* Assets.xcassets in Resources */ = {isa = PBXBuildFile; fileRef = F6BA6CF82E28553100CD3E26 /* Assets.xcassets */; };
		F6BA6CFC2E28553100CD3E26 /* Preview Assets.xcassets in Resources */ = {isa = PBXBuildFile; fileRef = F6BA6CFB2E28553100CD3E26 /* Preview Assets.xcassets */; };
		F6BA6D032E28557700CD3E26 /* CoreDataNotesView.swift in Sources */ = {isa = PBXBuildFile; fileRef = F6BA6D022E28557700CD3E26 /* CoreDataNotesView.swift */; };
		F6BA6D052E28559600CD3E26 /* SwiftDataNotesView.swift in Sources */ = {isa = PBXBuildFile; fileRef = F6BA6D042E28559600CD3E26 /* SwiftDataNotesView.swift */; };
		F6BA6D082E2857A800CD3E26 /* Model.xcdatamodeld in Sources */ = {isa = PBXBuildFile; fileRef = F6BA6D062E2857A800CD3E26 /* Model.xcdatamodeld */; };
		F6BA6D0A2E285B0900CD3E26 /* Persistence.swift in Sources */ = {isa = PBXBuildFile; fileRef = F6BA6D092E285B0900CD3E26 /* Persistence.swift */; };
/* End PBXBuildFile section */

/* Begin PBXFileReference section */
		F68C39F92E2AF21800EEF930 /* CustomButtonView.swift */ = {isa = PBXFileReference; lastKnownFileType = sourcecode.swift; path = CustomButtonView.swift; sourceTree = "<group>"; };
		F6BA6CF12E28552F00CD3E26 /* NoteVault-SwiftData-vs-CoreData.app */ = {isa = PBXFileReference; explicitFileType = wrapper.application; includeInIndex = 0; path = "NoteVault-SwiftData-vs-CoreData.app"; sourceTree = BUILT_PRODUCTS_DIR; };
		F6BA6CF42E28552F00CD3E26 /* NoteVault_SwiftData_vs_CoreDataApp.swift */ = {isa = PBXFileReference; lastKnownFileType = sourcecode.swift; path = NoteVault_SwiftData_vs_CoreDataApp.swift; sourceTree = "<group>"; };
		F6BA6CF62E28552F00CD3E26 /* ContentView.swift */ = {isa = PBXFileReference; lastKnownFileType = sourcecode.swift; path = ContentView.swift; sourceTree = "<group>"; };
		F6BA6CF82E28553100CD3E26 /* Assets.xcassets */ = {isa = PBXFileReference; lastKnownFileType = folder.assetcatalog; path = Assets.xcassets; sourceTree = "<group>"; };
		F6BA6CFB2E28553100CD3E26 /* Preview Assets.xcassets */ = {isa = PBXFileReference; lastKnownFileType = folder.assetcatalog; path = "Preview Assets.xcassets"; sourceTree = "<group>"; };
		F6BA6D022E28557700CD3E26 /* CoreDataNotesView.swift */ = {isa = PBXFileReference; lastKnownFileType = sourcecode.swift; path = CoreDataNotesView.swift; sourceTree = "<group>"; };
		F6BA6D042E28559600CD3E26 /* SwiftDataNotesView.swift */ = {isa = PBXFileReference; lastKnownFileType = sourcecode.swift; path = SwiftDataNotesView.swift; sourceTree = "<group>"; };
		F6BA6D072E2857A800CD3E26 /* Model.xcdatamodel */ = {isa = PBXFileReference; lastKnownFileType = wrapper.xcdatamodel; path = Model.xcdatamodel; sourceTree = "<group>"; };
		F6BA6D092E285B0900CD3E26 /* Persistence.swift */ = {isa = PBXFileReference; lastKnownFileType = sourcecode.swift; path = Persistence.swift; sourceTree = "<group>"; };
/* End PBXFileReference section */

/* Begin PBXFrameworksBuildPhase section */
		F6BA6CEE2E28552F00CD3E26 /* Frameworks */ = {
			isa = PBXFrameworksBuildPhase;
			buildActionMask = 2147483647;
			files = (
			);
			runOnlyForDeploymentPostprocessing = 0;
		};
/* End PBXFrameworksBuildPhase section */

/* Begin PBXGroup section */
		F6BA6CE82E28552F00CD3E26 = {
			isa = PBXGroup;
			children = (
				F6BA6CF32E28552F00CD3E26 /* NoteVault-SwiftData-vs-CoreData */,
				F6BA6CF22E28552F00CD3E26 /* Products */,
			);
			sourceTree = "<group>";
		};
		F6BA6CF22E28552F00CD3E26 /* Products */ = {
			isa = PBXGroup;
			children = (
				F6BA6CF12E28552F00CD3E26 /* NoteVault-SwiftData-vs-CoreData.app */,
			);
			name = Products;
			sourceTree = "<group>";
		};
		F6BA6CF32E28552F00CD3E26 /* NoteVault-SwiftData-vs-CoreData */ = {
			isa = PBXGroup;
			children = (
				F6BA6CF42E28552F00CD3E26 /* NoteVault_SwiftData_vs_CoreDataApp.swift */,
				F6BA6D022E28557700CD3E26 /* CoreDataNotesView.swift */,
				F6BA6D042E28559600CD3E26 /* SwiftDataNotesView.swift */,
				F6BA6CF62E28552F00CD3E26 /* ContentView.swift */,
				F6BA6CF82E28553100CD3E26 /* Assets.xcassets */,
				F6BA6CFA2E28553100CD3E26 /* Preview Content */,
				F6BA6D062E2857A800CD3E26 /* Model.xcdatamodeld */,
				F6BA6D092E285B0900CD3E26 /* Persistence.swift */,
				F68C39F92E2AF21800EEF930 /* CustomButtonView.swift */,
			);
			path = "NoteVault-SwiftData-vs-CoreData";
			sourceTree = "<group>";
		};
		F6BA6CFA2E28553100CD3E26 /* Preview Content */ = {
			isa = PBXGroup;
			children = (
				F6BA6CFB2E28553100CD3E26 /* Preview Assets.xcassets */,
			);
			path = "Preview Content";
			sourceTree = "<group>";
		};
/* End PBXGroup section */

/* Begin PBXNativeTarget section */
		F6BA6CF02E28552F00CD3E26 /* NoteVault-SwiftData-vs-CoreData */ = {
			isa = PBXNativeTarget;
			buildConfigurationList = F6BA6CFF2E28553100CD3E26 /* Build configuration list for PBXNativeTarget "NoteVault-SwiftData-vs-CoreData" */;
			buildPhases = (
				F6BA6CED2E28552F00CD3E26 /* Sources */,
				F6BA6CEE2E28552F00CD3E26 /* Frameworks */,
				F6BA6CEF2E28552F00CD3E26 /* Resources */,
			);
			buildRules = (
			);
			dependencies = (
			);
			name = "NoteVault-SwiftData-vs-CoreData";
			productName = "NoteVault-SwiftData-vs-CoreData";
			productReference = F6BA6CF12E28552F00CD3E26 /* NoteVault-SwiftData-vs-CoreData.app */;
			productType = "com.apple.product-type.application";
		};
/* End PBXNativeTarget section */

/* Begin PBXProject section */
		F6BA6CE92E28552F00CD3E26 /* Project object */ = {
			isa = PBXProject;
			attributes = {
				BuildIndependentTargetsInParallel = 1;
				LastSwiftUpdateCheck = 1540;
				LastUpgradeCheck = 1540;
				TargetAttributes = {
					F6BA6CF02E28552F00CD3E26 = {
						CreatedOnToolsVersion = 15.4;
					};
				};
			};
			buildConfigurationList = F6BA6CEC2E28552F00CD3E26 /* Build configuration list for PBXProject "NoteVault-SwiftData-vs-CoreData" */;
			compatibilityVersion = "Xcode 14.0";
			developmentRegion = en;
			hasScannedForEncodings = 0;
			knownRegions = (
				en,
				Base,
			);
			mainGroup = F6BA6CE82E28552F00CD3E26;
			productRefGroup = F6BA6CF22E28552F00CD3E26 /* Products */;
			projectDirPath = "";
			projectRoot = "";
			targets = (
				F6BA6CF02E28552F00CD3E26 /* NoteVault-SwiftData-vs-CoreData */,
			);
		};
/* End PBXProject section */

/* Begin PBXResourcesBuildPhase section */
		F6BA6CEF2E28552F00CD3E26 /* Resources */ = {
			isa = PBXResourcesBuildPhase;
			buildActionMask = 2147483647;
			files = (
				F6BA6CFC2E28553100CD3E26 /* Preview Assets.xcassets in Resources */,
				F6BA6CF92E28553100CD3E26 /* Assets.xcassets in Resources */,
			);
			runOnlyForDeploymentPostprocessing = 0;
		};
/* End PBXResourcesBuildPhase section */

/* Begin PBXSourcesBuildPhase section */
		F6BA6CED2E28552F00CD3E26 /* Sources */ = {
			isa = PBXSourcesBuildPhase;
			buildActionMask = 2147483647;
			files = (
				F68C39FA2E2AF21800EEF930 /* CustomButtonView.swift in Sources */,
				F6BA6D032E28557700CD3E26 /* CoreDataNotesView.swift in Sources */,
				F6BA6CF72E28552F00CD3E26 /* ContentView.swift in Sources */,
				F6BA6D082E2857A800CD3E26 /* Model.xcdatamodeld in Sources */,
				F6BA6D0A2E285B0900CD3E26 /* Persistence.swift in Sources */,
				F6BA6D052E28559600CD3E26 /* SwiftDataNotesView.swift in Sources */,
				F6BA6CF52E28552F00CD3E26 /* NoteVault_SwiftData_vs_CoreDataApp.swift in Sources */,
			);
			runOnlyForDeploymentPostprocessing = 0;
		};
/* End PBXSourcesBuildPhase section */

/* Begin XCBuildConfiguration section */
		F6BA6CFD2E28553100CD3E26 /* Debug */ = {
			isa = XCBuildConfiguration;
			buildSettings = {
				ALWAYS_SEARCH_USER_PATHS = NO;
				ASSETCATALOG_COMPILER_GENERATE_SWIFT_ASSET_SYMBOL_EXTENSIONS = YES;
				CLANG_ANALYZER_NONNULL = YES;
				CLANG_ANALYZER_NUMBER_OBJECT_CONVERSION = YES_AGGRESSIVE;
				CLANG_CXX_LANGUAGE_STANDARD = "gnu++20";
				CLANG_ENABLE_MODULES = YES;
				CLANG_ENABLE_OBJC_ARC = YES;
				CLANG_ENABLE_OBJC_WEAK = YES;
				CLANG_WARN_BLOCK_CAPTURE_AUTORELEASING = YES;
				CLANG_WARN_BOOL_CONVERSION = YES;
				CLANG_WARN_COMMA = YES;
				CLANG_WARN_CONSTANT_CONVERSION = YES;
				CLANG_WARN_DEPRECATED_OBJC_IMPLEMENTATIONS = YES;
				CLANG_WARN_DIRECT_OBJC_ISA_USAGE = YES_ERROR;
				CLANG_WARN_DOCUMENTATION_COMMENTS = YES;
				CLANG_WARN_EMPTY_BODY = YES;
				CLANG_WARN_ENUM_CONVERSION = YES;
				CLANG_WARN_INFINITE_RECURSION = YES;
				CLANG_WARN_INT_CONVERSION = YES;
				CLANG_WARN_NON_LITERAL_NULL_CONVERSION = YES;
				CLANG_WARN_OBJC_IMPLICIT_RETAIN_SELF = YES;
				CLANG_WARN_OBJC_LITERAL_CONVERSION = YES;
				CLANG_WARN_OBJC_ROOT_CLASS = YES_ERROR;
				CLANG_WARN_QUOTED_INCLUDE_IN_FRAMEWORK_HEADER = YES;
				CLANG_WARN_RANGE_LOOP_ANALYSIS = YES;
				CLANG_WARN_STRICT_PROTOTYPES = YES;
				CLANG_WARN_SUSPICIOUS_MOVE = YES;
				CLANG_WARN_UNGUARDED_AVAILABILITY = YES_AGGRESSIVE;
				CLANG_WARN_UNREACHABLE_CODE = YES;
				CLANG_WARN__DUPLICATE_METHOD_MATCH = YES;
				COPY_PHASE_STRIP = NO;
				DEBUG_INFORMATION_FORMAT = dwarf;
				ENABLE_STRICT_OBJC_MSGSEND = YES;
				ENABLE_TESTABILITY = YES;
				ENABLE_USER_SCRIPT_SANDBOXING = YES;
				GCC_C_LANGUAGE_STANDARD = gnu17;
				GCC_DYNAMIC_NO_PIC = NO;
				GCC_NO_COMMON_BLOCKS = YES;
				GCC_OPTIMIZATION_LEVEL = 0;
				GCC_PREPROCESSOR_DEFINITIONS = (
					"DEBUG=1",
					"$(inherited)",
				);
				GCC_WARN_64_TO_32_BIT_CONVERSION = YES;
				GCC_WARN_ABOUT_RETURN_TYPE = YES_ERROR;
				GCC_WARN_UNDECLARED_SELECTOR = YES;
				GCC_WARN_UNINITIALIZED_AUTOS = YES_AGGRESSIVE;
				GCC_WARN_UNUSED_FUNCTION = YES;
				GCC_WARN_UNUSED_VARIABLE = YES;
				IPHONEOS_DEPLOYMENT_TARGET = 17.5;
				LOCALIZATION_PREFERS_STRING_CATALOGS = YES;
				MTL_ENABLE_DEBUG_INFO = INCLUDE_SOURCE;
				MTL_FAST_MATH = YES;
				ONLY_ACTIVE_ARCH = YES;
				SDKROOT = iphoneos;
				SWIFT_ACTIVE_COMPILATION_CONDITIONS = "DEBUG $(inherited)";
				SWIFT_OPTIMIZATION_LEVEL = "-Onone";
			};
			name = Debug;
		};
		F6BA6CFE2E28553100CD3E26 /* Release */ = {
			isa = XCBuildConfiguration;
			buildSettings = {
				ALWAYS_SEARCH_USER_PATHS = NO;
				ASSETCATALOG_COMPILER_GENERATE_SWIFT_ASSET_SYMBOL_EXTENSIONS = YES;
				CLANG_ANALYZER_NONNULL = YES;
				CLANG_ANALYZER_NUMBER_OBJECT_CONVERSION = YES_AGGRESSIVE;
				CLANG_CXX_LANGUAGE_STANDARD = "gnu++20";
				CLANG_ENABLE_MODULES = YES;
				CLANG_ENABLE_OBJC_ARC = YES;
				CLANG_ENABLE_OBJC_WEAK = YES;
				CLANG_WARN_BLOCK_CAPTURE_AUTORELEASING = YES;
				CLANG_WARN_BOOL_CONVERSION = YES;
				CLANG_WARN_COMMA = YES;
				CLANG_WARN_CONSTANT_CONVERSION = YES;
				CLANG_WARN_DEPRECATED_OBJC_IMPLEMENTATIONS = YES;
				CLANG_WARN_DIRECT_OBJC_ISA_USAGE = YES_ERROR;
				CLANG_WARN_DOCUMENTATION_COMMENTS = YES;
				CLANG_WARN_EMPTY_BODY = YES;
				CLANG_WARN_ENUM_CONVERSION = YES;
				CLANG_WARN_INFINITE_RECURSION = YES;
				CLANG_WARN_INT_CONVERSION = YES;
				CLANG_WARN_NON_LITERAL_NULL_CONVERSION = YES;
				CLANG_WARN_OBJC_IMPLICIT_RETAIN_SELF = YES;
				CLANG_WARN_OBJC_LITERAL_CONVERSION = YES;
				CLANG_WARN_OBJC_ROOT_CLASS = YES_ERROR;
				CLANG_WARN_QUOTED_INCLUDE_IN_FRAMEWORK_HEADER = YES;
				CLANG_WARN_RANGE_LOOP_ANALYSIS = YES;
				CLANG_WARN_STRICT_PROTOTYPES = YES;
				CLANG_WARN_SUSPICIOUS_MOVE = YES;
				CLANG_WARN_UNGUARDED_AVAILABILITY = YES_AGGRESSIVE;
				CLANG_WARN_UNREACHABLE_CODE = YES;
				CLANG_WARN__DUPLICATE_METHOD_MATCH = YES;
				COPY_PHASE_STRIP = NO;
				DEBUG_INFORMATION_FORMAT = "dwarf-with-dsym";
				ENABLE_NS_ASSERTIONS = NO;
				ENABLE_STRICT_OBJC_MSGSEND = YES;
				ENABLE_USER_SCRIPT_SANDBOXING = YES;
				GCC_C_LANGUAGE_STANDARD = gnu17;
				GCC_NO_COMMON_BLOCKS = YES;
				GCC_WARN_64_TO_32_BIT_CONVERSION = YES;
				GCC_WARN_ABOUT_RETURN_TYPE = YES_ERROR;
				GCC_WARN_UNDECLARED_SELECTOR = YES;
				GCC_WARN_UNINITIALIZED_AUTOS = YES_AGGRESSIVE;
				GCC_WARN_UNUSED_FUNCTION = YES;
				GCC_WARN_UNUSED_VARIABLE = YES;
				IPHONEOS_DEPLOYMENT_TARGET = 17.5;
				LOCALIZATION_PREFERS_STRING_CATALOGS = YES;
				MTL_ENABLE_DEBUG_INFO = NO;
				MTL_FAST_MATH = YES;
				SDKROOT = iphoneos;
				SWIFT_COMPILATION_MODE = wholemodule;
				VALIDATE_PRODUCT = YES;
			};
			name = Release;
		};
		F6BA6D002E28553100CD3E26 /* Debug */ = {
			isa = XCBuildConfiguration;
			buildSettings = {
				ASSETCATALOG_COMPILER_APPICON_NAME = AppIcon;
				ASSETCATALOG_COMPILER_GLOBAL_ACCENT_COLOR_NAME = AccentColor;
				CODE_SIGN_STYLE = Automatic;
				CURRENT_PROJECT_VERSION = 1;
				DEVELOPMENT_ASSET_PATHS = "\"NoteVault-SwiftData-vs-CoreData/Preview Content\"";
				DEVELOPMENT_TEAM = R4U97W57PB;
				ENABLE_PREVIEWS = YES;
				GENERATE_INFOPLIST_FILE = YES;
				INFOPLIST_KEY_UIApplicationSceneManifest_Generation = YES;
				INFOPLIST_KEY_UIApplicationSupportsIndirectInputEvents = YES;
				INFOPLIST_KEY_UILaunchScreen_Generation = YES;
				INFOPLIST_KEY_UISupportedInterfaceOrientations_iPad = "UIInterfaceOrientationPortrait UIInterfaceOrientationPortraitUpsideDown UIInterfaceOrientationLandscapeLeft UIInterfaceOrientationLandscapeRight";
				INFOPLIST_KEY_UISupportedInterfaceOrientations_iPhone = "UIInterfaceOrientationPortrait UIInterfaceOrientationLandscapeLeft UIInterfaceOrientationLandscapeRight";
				LD_RUNPATH_SEARCH_PATHS = (
					"$(inherited)",
					"@executable_path/Frameworks",
				);
				MARKETING_VERSION = 1.0;
				PRODUCT_BUNDLE_IDENTIFIER = "sachi.NoteVault-SwiftData-vs-CoreData";
				PRODUCT_NAME = "$(TARGET_NAME)";
				SWIFT_EMIT_LOC_STRINGS = YES;
				SWIFT_VERSION = 5.0;
				TARGETED_DEVICE_FAMILY = "1,2";
			};
			name = Debug;
		};
		F6BA6D012E28553100CD3E26 /* Release */ = {
			isa = XCBuildConfiguration;
			buildSettings = {
				ASSETCATALOG_COMPILER_APPICON_NAME = AppIcon;
				ASSETCATALOG_COMPILER_GLOBAL_ACCENT_COLOR_NAME = AccentColor;
				CODE_SIGN_STYLE = Automatic;
				CURRENT_PROJECT_VERSION = 1;
				DEVELOPMENT_ASSET_PATHS = "\"NoteVault-SwiftData-vs-CoreData/Preview Content\"";
				DEVELOPMENT_TEAM = R4U97W57PB;
				ENABLE_PREVIEWS = YES;
				GENERATE_INFOPLIST_FILE = YES;
				INFOPLIST_KEY_UIApplicationSceneManifest_Generation = YES;
				INFOPLIST_KEY_UIApplicationSupportsIndirectInputEvents = YES;
				INFOPLIST_KEY_UILaunchScreen_Generation = YES;
				INFOPLIST_KEY_UISupportedInterfaceOrientations_iPad = "UIInterfaceOrientationPortrait UIInterfaceOrientationPortraitUpsideDown UIInterfaceOrientationLandscapeLeft UIInterfaceOrientationLandscapeRight";
				INFOPLIST_KEY_UISupportedInterfaceOrientations_iPhone = "UIInterfaceOrientationPortrait UIInterfaceOrientationLandscapeLeft UIInterfaceOrientationLandscapeRight";
				LD_RUNPATH_SEARCH_PATHS = (
					"$(inherited)",
					"@executable_path/Frameworks",
				);
				MARKETING_VERSION = 1.0;
				PRODUCT_BUNDLE_IDENTIFIER = "sachi.NoteVault-SwiftData-vs-CoreData";
				PRODUCT_NAME = "$(TARGET_NAME)";
				SWIFT_EMIT_LOC_STRINGS = YES;
				SWIFT_VERSION = 5.0;
				TARGETED_DEVICE_FAMILY = "1,2";
			};
			name = Release;
		};
/* End XCBuildConfiguration section */

/* Begin XCConfigurationList section */
		F6BA6CEC2E28552F00CD3E26 /* Build configuration list for PBXProject "NoteVault-SwiftData-vs-CoreData" */ = {
			isa = XCConfigurationList;
			buildConfigurations = (
				F6BA6CFD2E28553100CD3E26 /* Debug */,
				F6BA6CFE2E28553100CD3E26 /* Release */,
			);
			defaultConfigurationIsVisible = 0;
			defaultConfigurationName = Release;
		};
		F6BA6CFF2E28553100CD3E26 /* Build configuration list for PBXNativeTarget "NoteVault-SwiftData-vs-CoreData" */ = {
			isa = XCConfigurationList;
			buildConfigurations = (
				F6BA6D002E28553100CD3E26 /* Debug */,
				F6BA6D012E28553100CD3E26 /* Release */,
			);
			defaultConfigurationIsVisible = 0;
			defaultConfigurationName = Release;
		};
/* End XCConfigurationList section */

/* Begin XCVersionGroup section */
		F6BA6D062E2857A800CD3E26 /* Model.xcdatamodeld */ = {
			isa = XCVersionGroup;
			children = (
				F6BA6D072E2857A800CD3E26 /* Model.xcdatamodel */,
			);
			currentVersion = F6BA6D072E2857A800CD3E26 /* Model.xcdatamodel */;
			name = Model.xcdatamodeld;
			path = "/Users/sachindrafernando/Documents/Projects/NoteVault-SwiftData-vs-CoreData/NoteVault-SwiftData-vs-CoreData/Model.xcdatamodeld";
			sourceTree = "<group>";
			versionGroupType = wrapper.xcdatamodel;
		};
/* End XCVersionGroup section */
	};
	rootObject = F6BA6CE92E28552F00CD3E26 /* Project object */;
}
